
Microsoft Visual Studio Solution File, Format Version 12.00
# Visual Studio Version 16
VisualStudioVersion = 16.0.29318.209
MinimumVisualStudioVersion = 10.0.40219.1
Project("{F184B08F-C81C-45F6-A57F-5ABD9991F28F}") = "P1", "P1\P1.vbproj", "{3A619C24-4669-4A6D-A106-85B466D622E9}"
EndProject
Global
	GlobalSection(SolutionConfigurationPlatforms) = preSolution
		Debug|Any CPU = Debug|Any CPU
		Release|Any CPU = Release|Any CPU
	EndGlobalSection
	GlobalSection(ProjectConfigurationPlatforms) = postSolution
		{3A619C24-4669-4A6D-A106-85B466D622E9}.Debug|Any CPU.ActiveCfg = Debug|Any CPU
		{3A619C24-4669-4A6D-A106-85B466D622E9}.Debug|Any CPU.Build.0 = Debug|Any CPU
		{3A619C24-4669-4A6D-A106-85B466D622E9}.Release|Any CPU.ActiveCfg = Release|Any CPU
		{3A619C24-4669-4A6D-A106-85B466D622E9}.Release|Any CPU.Build.0 = Release|Any CPU
	EndGlobalSection
	GlobalSection(SolutionProperties) = preSolution
		HideSolutionNode = FALSE
	EndGlobalSection
	GlobalSection(ExtensibilityGlobals) = postSolution
		SolutionGuid = {DAD1521A-C0E0-4E0B-A409-C52C8139C22A}
	EndGlobalSection
EndGlobal
